
Microsoft Visual Studio Solution File, Format Version 12.00
# Visual Studio Version 16
VisualStudioVersion = 16.0.31702.278
MinimumVisualStudioVersion = 10.0.40219.1
Project("{FAE04EC0-301F-11D3-BF4B-00C04F79EFBC}") = "CuadrosTexto", "CuadrosTexto\CuadrosTexto.csproj", "{FF267EAB-A4CA-47A3-B0D6-584DAF2EBABB}"
EndProject
Global
	GlobalSection(SolutionConfigurationPlatforms) = preSolution
		Debug|Any CPU = Debug|Any CPU
		Release|Any CPU = Release|Any CPU
	EndGlobalSection
	GlobalSection(ProjectConfigurationPlatforms) = postSolution
		{FF267EAB-A4CA-47A3-B0D6-584DAF2EBABB}.Debug|Any CPU.ActiveCfg = Debug|Any CPU
		{FF267EAB-A4CA-47A3-B0D6-584DAF2EBABB}.Debug|Any CPU.Build.0 = Debug|Any CPU
		{FF267EAB-A4CA-47A3-B0D6-584DAF2EBABB}.Release|Any CPU.ActiveCfg = Release|Any CPU
		{FF267EAB-A4CA-47A3-B0D6-584DAF2EBABB}.Release|Any CPU.Build.0 = Release|Any CPU
	EndGlobalSection
	GlobalSection(SolutionProperties) = preSolution
		HideSolutionNode = FALSE
	EndGlobalSection
	GlobalSection(ExtensibilityGlobals) = postSolution
		SolutionGuid = {D0A33237-FCE7-4DA0-BDF0-B5F5976A0CE9}
	EndGlobalSection
EndGlobal
